Microsoft Visual Studio Solution File, Format Version 12.00
# Visual Studio Version 17
VisualStudioVersion = 17.5.2.0
MinimumVisualStudioVersion = 10.0.40219.1
Project("{FAE04EC0-301F-11D3-BF4B-00C04F79EFBC}") = "MyRogueLike", "MyRogueLike.csproj", "{663CE4CB-E20D-BCD1-7DE8-257CC9215AA6}"
EndProject
Global
	GlobalSection(SolutionConfigurationPlatforms) = preSolution
		Debug|Any CPU = Debug|Any CPU
		Release|Any CPU = Release|Any CPU
	EndGlobalSection
	GlobalSection(ProjectConfigurationPlatforms) = postSolution
		{663CE4CB-E20D-BCD1-7DE8-257CC9215AA6}.Debug|Any CPU.ActiveCfg = Debug|Any CPU
		{663CE4CB-E20D-BCD1-7DE8-257CC9215AA6}.Debug|Any CPU.Build.0 = Debug|Any CPU
		{663CE4CB-E20D-BCD1-7DE8-257CC9215AA6}.Release|Any CPU.ActiveCfg = Release|Any CPU
		{663CE4CB-E20D-BCD1-7DE8-257CC9215AA6}.Release|Any CPU.Build.0 = Release|Any CPU
	EndGlobalSection
	GlobalSection(SolutionProperties) = preSolution
		HideSolutionNode = FALSE
	EndGlobalSection
	GlobalSection(ExtensibilityGlobals) = postSolution
		SolutionGuid = {B05E8474-4598-48D6-A687-7B0E81A066E1}
	EndGlobalSection
EndGlobal
